<?xml version="1.0" encoding="utf-8"?>
<Project ToolsVersion="4.0" xmlns="http://schemas.microsoft.com/developer/msbuild/2003">
  <ItemGroup>
    <ClCompile Include="Animation.cpp">
      <Filter>source</Filter>
    </ClCompile>
    <ClCompile Include="Asteroid.cpp">
      <Filter>source</Filter>
    </ClCompile>
    <ClCompile Include="Camera.cpp">
      <Filter>source</Filter>
    </ClCompile>
    <ClCompile Include="Game.cpp">
      <Filter>source</Filter>
    </ClCompile>
    <ClCompile Include="GameObject.cpp">
      <Filter>source</Filter>
    </ClCompile>
    <ClCompile Include="GameUtils.cpp">
      <Filter>source</Filter>
    </ClCompile>
    <ClCompile Include="Input.cpp">
      <Filter>source</Filter>
    </ClCompile>
    <ClCompile Include="main.cpp">
      <Filter>source</Filter>
    </ClCompile>
    <ClCompile Include="MapHandler.cpp">
      <Filter>source</Filter>
    </ClCompile>
    <ClCompile Include="Mob.cpp">
      <Filter>source</Filter>
    </ClCompile>
    <ClCompile Include="Player.cpp">
      <Filter>source</Filter>
    </ClCompile>
    <ClCompile Include="Projectile.cpp">
      <Filter>source</Filter>
    </ClCompile>
    <ClCompile Include="Scene.cpp">
      <Filter>source</Filter>
    </ClCompile>
    <ClCompile Include="Sprite.cpp">
      <Filter>source</Filter>
    </ClCompile>
    <ClCompile Include="TextureManager.cpp">
      <Filter>source</Filter>
    </ClCompile>
    <ClCompile Include="Weapon.cpp">
      <Filter>source</Filter>
    </ClCompile>
    <ClCompile Include="FrustumR.cpp">
      <Filter>source</Filter>
    </ClCompile>
    <ClCompile Include="Plane.cpp">
      <Filter>source</Filter>
    </ClCompile>
  </ItemGroup>
  <ItemGroup>
    <ClInclude Include="Animation.h">
      <Filter>headers</Filter>
    </ClInclude>
    <ClInclude Include="Asteroid.h">
      <Filter>headers</Filter>
    </ClInclude>
    <ClInclude Include="Camera.h">
      <Filter>headers</Filter>
    </ClInclude>
    <ClInclude Include="Game.h">
      <Filter>headers</Filter>
    </ClInclude>
    <ClInclude Include="GameObject.h">
      <Filter>headers</Filter>
    </ClInclude>
    <ClInclude Include="GameUtils.h">
      <Filter>headers</Filter>
    </ClInclude>
    <ClInclude Include="Input.h">
      <Filter>headers</Filter>
    </ClInclude>
    <ClInclude Include="MapHandler.h">
      <Filter>headers</Filter>
    </ClInclude>
    <ClInclude Include="Mob.h">
      <Filter>headers</Filter>
    </ClInclude>
    <ClInclude Include="Player.h">
      <Filter>headers</Filter>
    </ClInclude>
    <ClInclude Include="Projectile.h">
      <Filter>headers</Filter>
    </ClInclude>
    <ClInclude Include="Scene.h">
      <Filter>headers</Filter>
    </ClInclude>
    <ClInclude Include="Sprite.h">
      <Filter>headers</Filter>
    </ClInclude>
    <ClInclude Include="TextureManager.h">
      <Filter>headers</Filter>
    </ClInclude>
    <ClInclude Include="Types.h">
      <Filter>headers</Filter>
    </ClInclude>
    <ClInclude Include="Weapon.h">
      <Filter>headers</Filter>
    </ClInclude>
    <ClInclude Include="FrustumR.h">
      <Filter>headers</Filter>
    </ClInclude>
    <ClInclude Include="Plane.h">
      <Filter>headers</Filter>
    </ClInclude>
  </ItemGroup>
  <ItemGroup>
    <Filter Include="shaders">
      <UniqueIdentifier>{54961cfd-d8ea-4176-878b-89565cee1294}</UniqueIdentifier>
    </Filter>
    <Filter Include="headers">
      <UniqueIdentifier>{12cae03c-ed94-4006-843e-83ed8e217c0e}</UniqueIdentifier>
    </Filter>
    <Filter Include="source">
      <UniqueIdentifier>{61ebf9e1-d2d2-4de3-ba01-04b331447873}</UniqueIdentifier>
    </Filter>
  </ItemGroup>
  <ItemGroup>
    <Xml Include="config.xml" />
  </ItemGroup>
  <ItemGroup>
    <None Include="gfx\shaders\dirlightdiffambpix.frag">
      <Filter>shaders</Filter>
    </None>
    <None Include="gfx\shaders\dirlightdiffambpix.vert">
      <Filter>shaders</Filter>
    </None>
  </ItemGroup>
</Project>